
Microsoft Visual Studio Solution File, Format Version 12.00
# Visual Studio Version 17
VisualStudioVersion = 17.2.32630.192
MinimumVisualStudioVersion = 10.0.40219.1
Project("{FAE04EC0-301F-11D3-BF4B-00C04F79EFBC}") = "clientapp", "clientapp\clientapp.csproj", "{1196121B-2977-45D4-9382-027F45AD86FA}"
EndProject
Global
	GlobalSection(SolutionConfigurationPlatforms) = preSolution
		Debug|Any CPU = Debug|Any CPU
		Release|Any CPU = Release|Any CPU
	EndGlobalSection
	GlobalSection(ProjectConfigurationPlatforms) = postSolution
		{1196121B-2977-45D4-9382-027F45AD86FA}.Debug|Any CPU.ActiveCfg = Debug|Any CPU
		{1196121B-2977-45D4-9382-027F45AD86FA}.Debug|Any CPU.Build.0 = Debug|Any CPU
		{1196121B-2977-45D4-9382-027F45AD86FA}.Release|Any CPU.ActiveCfg = Release|Any CPU
		{1196121B-2977-45D4-9382-027F45AD86FA}.Release|Any CPU.Build.0 = Release|Any CPU
	EndGlobalSection
	GlobalSection(SolutionProperties) = preSolution
		HideSolutionNode = FALSE
	EndGlobalSection
	GlobalSection(ExtensibilityGlobals) = postSolution
		SolutionGuid = {7677F873-A292-4039-A649-1738D18122C9}
	EndGlobalSection
EndGlobal
